
Microsoft Visual Studio Solution File, Format Version 12.00
# Visual Studio Version 16
VisualStudioVersion = 16.0.31229.75
MinimumVisualStudioVersion = 10.0.40219.1
Project("{FAE04EC0-301F-11D3-BF4B-00C04F79EFBC}") = "WpfApp1", "WpfApp1\WpfApp1.csproj", "{4AFF16D7-A1A3-4681-A654-B212FE19616D}"
EndProject
Project("{FAE04EC0-301F-11D3-BF4B-00C04F79EFBC}") = "WpfApp1.Views", "WpfApp1.Views\WpfApp1.Views.csproj", "{A8CE34D9-A553-453C-86E4-79B0BB739A32}"
EndProject
Project("{FAE04EC0-301F-11D3-BF4B-00C04F79EFBC}") = "WpfApp1.ViewModels", "WpfApp1.ViewModels\WpfApp1.ViewModels.csproj", "{76A6CDA7-67F0-4E9B-8012-D07C75136C92}"
EndProject
Project("{FAE04EC0-301F-11D3-BF4B-00C04F79EFBC}") = "WpfApp1.{Infrastructure}", "WpfApp1.{Infrastructure}\WpfApp1.{Infrastructure}.csproj", "{BAA2BAD9-719C-4484-AC92-6528E671C0C3}"
EndProject
Project("{FAE04EC0-301F-11D3-BF4B-00C04F79EFBC}") = "WpfApp1.Contracts", "WpfApp1.Contracts\WpfApp1.Contracts.csproj", "{4036BB63-3D9F-47C4-B25F-080E3F210F21}"
EndProject
Project("{FAE04EC0-301F-11D3-BF4B-00C04F79EFBC}") = "WpfApp1.Translations", "WpfApp1.Translations\WpfApp1.Translations.csproj", "{5F16F0BD-98FD-4625-BFE0-0C5D7D133B0E}"
EndProject
Project("{FAE04EC0-301F-11D3-BF4B-00C04F79EFBC}") = "FrontEnd.Resources", "FrontEnd.Resources\FrontEnd.Resources.csproj", "{F88E7AED-E48D-48B0-9A26-C639740BB957}"
EndProject
Global
	GlobalSection(SolutionConfigurationPlatforms) = preSolution
		Debug|Any CPU = Debug|Any CPU
		Release|Any CPU = Release|Any CPU
	EndGlobalSection
	GlobalSection(ProjectConfigurationPlatforms) = postSolution
		{4AFF16D7-A1A3-4681-A654-B212FE19616D}.Debug|Any CPU.ActiveCfg = Debug|Any CPU
		{4AFF16D7-A1A3-4681-A654-B212FE19616D}.Debug|Any CPU.Build.0 = Debug|Any CPU
		{4AFF16D7-A1A3-4681-A654-B212FE19616D}.Release|Any CPU.ActiveCfg = Release|Any CPU
		{4AFF16D7-A1A3-4681-A654-B212FE19616D}.Release|Any CPU.Build.0 = Release|Any CPU
		{A8CE34D9-A553-453C-86E4-79B0BB739A32}.Debug|Any CPU.ActiveCfg = Debug|Any CPU
		{A8CE34D9-A553-453C-86E4-79B0BB739A32}.Debug|Any CPU.Build.0 = Debug|Any CPU
		{A8CE34D9-A553-453C-86E4-79B0BB739A32}.Release|Any CPU.ActiveCfg = Release|Any CPU
		{A8CE34D9-A553-453C-86E4-79B0BB739A32}.Release|Any CPU.Build.0 = Release|Any CPU
		{76A6CDA7-67F0-4E9B-8012-D07C75136C92}.Debug|Any CPU.ActiveCfg = Debug|Any CPU
		{76A6CDA7-67F0-4E9B-8012-D07C75136C92}.Debug|Any CPU.Build.0 = Debug|Any CPU
		{76A6CDA7-67F0-4E9B-8012-D07C75136C92}.Release|Any CPU.ActiveCfg = Release|Any CPU
		{76A6CDA7-67F0-4E9B-8012-D07C75136C92}.Release|Any CPU.Build.0 = Release|Any CPU
		{BAA2BAD9-719C-4484-AC92-6528E671C0C3}.Debug|Any CPU.ActiveCfg = Debug|Any CPU
		{BAA2BAD9-719C-4484-AC92-6528E671C0C3}.Debug|Any CPU.Build.0 = Debug|Any CPU
		{BAA2BAD9-719C-4484-AC92-6528E671C0C3}.Release|Any CPU.ActiveCfg = Release|Any CPU
		{BAA2BAD9-719C-4484-AC92-6528E671C0C3}.Release|Any CPU.Build.0 = Release|Any CPU
		{4036BB63-3D9F-47C4-B25F-080E3F210F21}.Debug|Any CPU.ActiveCfg = Debug|Any CPU
		{4036BB63-3D9F-47C4-B25F-080E3F210F21}.Debug|Any CPU.Build.0 = Debug|Any CPU
		{4036BB63-3D9F-47C4-B25F-080E3F210F21}.Release|Any CPU.ActiveCfg = Release|Any CPU
		{4036BB63-3D9F-47C4-B25F-080E3F210F21}.Release|Any CPU.Build.0 = Release|Any CPU
		{5F16F0BD-98FD-4625-BFE0-0C5D7D133B0E}.Debug|Any CPU.ActiveCfg = Debug|Any CPU
		{5F16F0BD-98FD-4625-BFE0-0C5D7D133B0E}.Debug|Any CPU.Build.0 = Debug|Any CPU
		{5F16F0BD-98FD-4625-BFE0-0C5D7D133B0E}.Release|Any CPU.ActiveCfg = Release|Any CPU
		{5F16F0BD-98FD-4625-BFE0-0C5D7D133B0E}.Release|Any CPU.Build.0 = Release|Any CPU
		{F88E7AED-E48D-48B0-9A26-C639740BB957}.Debug|Any CPU.ActiveCfg = Debug|Any CPU
		{F88E7AED-E48D-48B0-9A26-C639740BB957}.Debug|Any CPU.Build.0 = Debug|Any CPU
		{F88E7AED-E48D-48B0-9A26-C639740BB957}.Release|Any CPU.ActiveCfg = Release|Any CPU
		{F88E7AED-E48D-48B0-9A26-C639740BB957}.Release|Any CPU.Build.0 = Release|Any CPU
	EndGlobalSection
	GlobalSection(SolutionProperties) = preSolution
		HideSolutionNode = FALSE
	EndGlobalSection
	GlobalSection(ExtensibilityGlobals) = postSolution
		SolutionGuid = {F64EBD17-6337-4BD1-81AE-77AAD81497CE}
	EndGlobalSection
EndGlobal
